// !$*UTF8*$!
{
	archiveVersion = 1;
	classes = {
	};
	objectVersion = 46;
	objects = {

/* Begin PBXBuildFile section */
		0E611FE82277DBA7A8A16AD1 /* libPods-Examen.a in Frameworks */ = {isa = PBXBuildFile; fileRef = B01806CEDF1DA3C3E4E3F706 /* libPods-Examen.a */; };
		A0B9965C1D7352A700603831 /* main.m in Sources */ = {isa = PBXBuildFile; fileRef = A0B9965B1D7352A700603831 /* main.m */; };
		A0B9965F1D7352A700603831 /* AppDelegate.m in Sources */ = {isa = PBXBuildFile; fileRef = A0B9965E1D7352A700603831 /* AppDelegate.m */; };
		A0B996621D7352A700603831 /* Start.m in Sources */ = {isa = PBXBuildFile; fileRef = A0B996611D7352A700603831 /* Start.m */; };
		A0B996651D7352A700603831 /* Main.storyboard in Resources */ = {isa = PBXBuildFile; fileRef = A0B996631D7352A700603831 /* Main.storyboard */; };
		A0B996681D7352A800603831 /* Examen.xcdatamodeld in Sources */ = {isa = PBXBuildFile; fileRef = A0B996661D7352A700603831 /* Examen.xcdatamodeld */; };
		A0B9966A1D7352A800603831 /* Assets.xcassets in Resources */ = {isa = PBXBuildFile; fileRef = A0B996691D7352A800603831 /* Assets.xcassets */; };
		A0B9966D1D7352A800603831 /* LaunchScreen.storyboard in Resources */ = {isa = PBXBuildFile; fileRef = A0B9966B1D7352A800603831 /* LaunchScreen.storyboard */; };
		A0B996771D7358E300603831 /* Podfile in Resources */ = {isa = PBXBuildFile; fileRef = A0B996761D7358E300603831 /* Podfile */; };
		A0B996791D737BB600603831 /* CoreLocation.framework in Frameworks */ = {isa = PBXBuildFile; fileRef = A0B996781D737BB600603831 /* CoreLocation.framework */; };
		A0B996941D73901800603831 /* NSDictionary+ObjectMapper.m in Sources */ = {isa = PBXBuildFile; fileRef = A0B9967D1D73901800603831 /* NSDictionary+ObjectMapper.m */; };
		A0B996951D73901800603831 /* NSObject+ObjectMapper.m in Sources */ = {isa = PBXBuildFile; fileRef = A0B9967F1D73901800603831 /* NSObject+ObjectMapper.m */; };
		A0B996961D73901800603831 /* ManagedObjectInstanceProvider.m in Sources */ = {isa = PBXBuildFile; fileRef = A0B996831D73901800603831 /* ManagedObjectInstanceProvider.m */; };
		A0B996971D73901800603831 /* ObjectInstanceProvider.m in Sources */ = {isa = PBXBuildFile; fileRef = A0B996851D73901800603831 /* ObjectInstanceProvider.m */; };
		A0B996981D73901800603831 /* CommonLoggingProvider.m in Sources */ = {isa = PBXBuildFile; fileRef = A0B996881D73901800603831 /* CommonLoggingProvider.m */; };
		A0B996991D73901800603831 /* InCodeMappingProvider.m in Sources */ = {isa = PBXBuildFile; fileRef = A0B9968D1D73901800603831 /* InCodeMappingProvider.m */; };
		A0B9969A1D73901800603831 /* ObjectMapper.m in Sources */ = {isa = PBXBuildFile; fileRef = A0B996901D73901800603831 /* ObjectMapper.m */; };
		A0B9969B1D73901800603831 /* ObjectMappingInfo.m in Sources */ = {isa = PBXBuildFile; fileRef = A0B996921D73901800603831 /* ObjectMappingInfo.m */; };
		A0B9969F1D7391D000603831 /* Declarations.m in Sources */ = {isa = PBXBuildFile; fileRef = A0B9969E1D7391D000603831 /* Declarations.m */; };
		A0B996A21D7391E500603831 /* WebServices.m in Sources */ = {isa = PBXBuildFile; fileRef = A0B996A11D7391E500603831 /* WebServices.m */; };
		A0B996A51D7391F600603831 /* Parser.m in Sources */ = {isa = PBXBuildFile; fileRef = A0B996A41D7391F600603831 /* Parser.m */; };
		A0B996A81D73920C00603831 /* OCMapperConfig.m in Sources */ = {isa = PBXBuildFile; fileRef = A0B996A71D73920C00603831 /* OCMapperConfig.m */; };
		A0B996C31D73938500603831 /* NSObject+SBJson.m in Sources */ = {isa = PBXBuildFile; fileRef = A0B996AB1D73938500603831 /* NSObject+SBJson.m */; };
		A0B996C41D73938500603831 /* SBJsonParser.m in Sources */ = {isa = PBXBuildFile; fileRef = A0B996AE1D73938500603831 /* SBJsonParser.m */; };
		A0B996C51D73938500603831 /* SBJsonStreamParser.m in Sources */ = {isa = PBXBuildFile; fileRef = A0B996B01D73938500603831 /* SBJsonStreamParser.m */; };
		A0B996C61D73938500603831 /* SBJsonStreamParserAccumulator.m in Sources */ = {isa = PBXBuildFile; fileRef = A0B996B21D73938500603831 /* SBJsonStreamParserAccumulator.m */; };
		A0B996C71D73938500603831 /* SBJsonStreamParserAdapter.m in Sources */ = {isa = PBXBuildFile; fileRef = A0B996B41D73938500603831 /* SBJsonStreamParserAdapter.m */; };
		A0B996C81D73938500603831 /* SBJsonStreamParserState.m in Sources */ = {isa = PBXBuildFile; fileRef = A0B996B61D73938500603831 /* SBJsonStreamParserState.m */; };
		A0B996C91D73938500603831 /* SBJsonStreamWriter.m in Sources */ = {isa = PBXBuildFile; fileRef = A0B996B81D73938500603831 /* SBJsonStreamWriter.m */; };
		A0B996CA1D73938500603831 /* SBJsonStreamWriterAccumulator.m in Sources */ = {isa = PBXBuildFile; fileRef = A0B996BA1D73938500603831 /* SBJsonStreamWriterAccumulator.m */; };
		A0B996CB1D73938500603831 /* SBJsonStreamWriterState.m in Sources */ = {isa = PBXBuildFile; fileRef = A0B996BC1D73938500603831 /* SBJsonStreamWriterState.m */; };
		A0B996CC1D73938500603831 /* SBJsonTokeniser.m in Sources */ = {isa = PBXBuildFile; fileRef = A0B996BE1D73938500603831 /* SBJsonTokeniser.m */; };
		A0B996CD1D73938500603831 /* SBJsonUTF8Stream.m in Sources */ = {isa = PBXBuildFile; fileRef = A0B996C01D73938500603831 /* SBJsonUTF8Stream.m */; };
		A0B996CE1D73938500603831 /* SBJsonWriter.m in Sources */ = {isa = PBXBuildFile; fileRef = A0B996C21D73938500603831 /* SBJsonWriter.m */; };
		A0B996D21D7399A800603831 /* ObjectResponse.m in Sources */ = {isa = PBXBuildFile; fileRef = A0B996D11D7399A800603831 /* ObjectResponse.m */; };
		A0B996D51D7399C500603831 /* Coord.m in Sources */ = {isa = PBXBuildFile; fileRef = A0B996D41D7399C500603831 /* Coord.m */; };
		A0B996D81D739C4800603831 /* MainObject.m in Sources */ = {isa = PBXBuildFile; fileRef = A0B996D71D739C4800603831 /* MainObject.m */; };
		A0B996DB1D73AA8800603831 /* MapResults.m in Sources */ = {isa = PBXBuildFile; fileRef = A0B996DA1D73AA8800603831 /* MapResults.m */; };
		A0B996DE1D73CE0700603831 /* Weather.m in Sources */ = {isa = PBXBuildFile; fileRef = A0B996DD1D73CE0700603831 /* Weather.m */; };
		A0B996E31D73F39A00603831 /* cellPagos.m in Sources */ = {isa = PBXBuildFile; fileRef = A0B996E11D73F39A00603831 /* cellPagos.m */; };
		A0B996E41D73F39A00603831 /* cellPagos.xib in Resources */ = {isa = PBXBuildFile; fileRef = A0B996E21D73F39A00603831 /* cellPagos.xib */; };
		A0B996E71D73F50B00603831 /* Compras.m in Sources */ = {isa = PBXBuildFile; fileRef = A0B996E61D73F50B00603831 /* Compras.m */; };
		A0B996EA1D73F5CE00603831 /* Pagos.m in Sources */ = {isa = PBXBuildFile; fileRef = A0B996E91D73F5CE00603831 /* Pagos.m */; };
/* End PBXBuildFile section */

/* Begin PBXFileReference section */
		1F681F13BEC28A8C23C6CDD9 /* Pods-Examen.debug.xcconfig */ = {isa = PBXFileReference; includeInIndex = 1; lastKnownFileType = text.xcconfig; name = "Pods-Examen.debug.xcconfig"; path = "Pods/Target Support Files/Pods-Examen/Pods-Examen.debug.xcconfig"; sourceTree = "<group>"; };
		5416D854E77FE148FD4B3E25 /* Pods-Examen.release.xcconfig */ = {isa = PBXFileReference; includeInIndex = 1; lastKnownFileType = text.xcconfig; name = "Pods-Examen.release.xcconfig"; path = "Pods/Target Support Files/Pods-Examen/Pods-Examen.release.xcconfig"; sourceTree = "<group>"; };
		A0B996571D7352A700603831 /* Examen.app */ = {isa = PBXFileReference; explicitFileType = wrapper.application; includeInIndex = 0; path = Examen.app; sourceTree = BUILT_PRODUCTS_DIR; };
		A0B9965B1D7352A700603831 /* main.m */ = {isa = PBXFileReference; lastKnownFileType = sourcecode.c.objc; path = main.m; sourceTree = "<group>"; };
		A0B9965D1D7352A700603831 /* AppDelegate.h */ = {isa = PBXFileReference; lastKnownFileType = sourcecode.c.h; path = AppDelegate.h; sourceTree = "<group>"; };
		A0B9965E1D7352A700603831 /* AppDelegate.m */ = {isa = PBXFileReference; lastKnownFileType = sourcecode.c.objc; path = AppDelegate.m; sourceTree = "<group>"; };
		A0B996601D7352A700603831 /* Start.h */ = {isa = PBXFileReference; lastKnownFileType = sourcecode.c.h; path = Start.h; sourceTree = "<group>"; };
		A0B996611D7352A700603831 /* Start.m */ = {isa = PBXFileReference; lastKnownFileType = sourcecode.c.objc; path = Start.m; sourceTree = "<group>"; };
		A0B996641D7352A700603831 /* Base */ = {isa = PBXFileReference; lastKnownFileType = file.storyboard; name = Base; path = Base.lproj/Main.storyboard; sourceTree = "<group>"; };
		A0B996671D7352A700603831 /* Examen.xcdatamodel */ = {isa = PBXFileReference; lastKnownFileType = wrapper.xcdatamodel; path = Examen.xcdatamodel; sourceTree = "<group>"; };
		A0B996691D7352A800603831 /* Assets.xcassets */ = {isa = PBXFileReference; lastKnownFileType = folder.assetcatalog; path = Assets.xcassets; sourceTree = "<group>"; };
		A0B9966C1D7352A800603831 /* Base */ = {isa = PBXFileReference; lastKnownFileType = file.storyboard; name = Base; path = Base.lproj/LaunchScreen.storyboard; sourceTree = "<group>"; };
		A0B9966E1D7352A800603831 /* Info.plist */ = {isa = PBXFileReference; lastKnownFileType = text.plist.xml; path = Info.plist; sourceTree = "<group>"; };
		A0B996761D7358E300603831 /* Podfile */ = {isa = PBXFileReference; fileEncoding = 4; lastKnownFileType = text; name = Podfile; path = Examen/Podfile; sourceTree = "<group>"; };
		A0B996781D737BB600603831 /* CoreLocation.framework */ = {isa = PBXFileReference; lastKnownFileType = wrapper.framework; name = CoreLocation.framework; path = System/Library/Frameworks/CoreLocation.framework; sourceTree = SDKROOT; };
		A0B9967C1D73901800603831 /* NSDictionary+ObjectMapper.h */ = {isa = PBXFileReference; fileEncoding = 4; lastKnownFileType = sourcecode.c.h; path = "NSDictionary+ObjectMapper.h"; sourceTree = "<group>"; };
		A0B9967D1D73901800603831 /* NSDictionary+ObjectMapper.m */ = {isa = PBXFileReference; fileEncoding = 4; lastKnownFileType = sourcecode.c.objc; path = "NSDictionary+ObjectMapper.m"; sourceTree = "<group>"; };
		A0B9967E1D73901800603831 /* NSObject+ObjectMapper.h */ = {isa = PBXFileReference; fileEncoding = 4; lastKnownFileType = sourcecode.c.h; path = "NSObject+ObjectMapper.h"; sourceTree = "<group>"; };
		A0B9967F1D73901800603831 /* NSObject+ObjectMapper.m */ = {isa = PBXFileReference; fileEncoding = 4; lastKnownFileType = sourcecode.c.objc; path = "NSObject+ObjectMapper.m"; sourceTree = "<group>"; };
		A0B996811D73901800603831 /* InstanceProvider.h */ = {isa = PBXFileReference; fileEncoding = 4; lastKnownFileType = sourcecode.c.h; path = InstanceProvider.h; sourceTree = "<group>"; };
		A0B996821D73901800603831 /* ManagedObjectInstanceProvider.h */ = {isa = PBXFileReference; fileEncoding = 4; lastKnownFileType = sourcecode.c.h; path = ManagedObjectInstanceProvider.h; sourceTree = "<group>"; };
		A0B996831D73901800603831 /* ManagedObjectInstanceProvider.m */ = {isa = PBXFileReference; fileEncoding = 4; lastKnownFileType = sourcecode.c.objc; path = ManagedObjectInstanceProvider.m; sourceTree = "<group>"; };
		A0B996841D73901800603831 /* ObjectInstanceProvider.h */ = {isa = PBXFileReference; fileEncoding = 4; lastKnownFileType = sourcecode.c.h; path = ObjectInstanceProvider.h; sourceTree = "<group>"; };
		A0B996851D73901800603831 /* ObjectInstanceProvider.m */ = {isa = PBXFileReference; fileEncoding = 4; lastKnownFileType = sourcecode.c.objc; path = ObjectInstanceProvider.m; sourceTree = "<group>"; };
		A0B996871D73901800603831 /* CommonLoggingProvider.h */ = {isa = PBXFileReference; fileEncoding = 4; lastKnownFileType = sourcecode.c.h; path = CommonLoggingProvider.h; sourceTree = "<group>"; };
		A0B996881D73901800603831 /* CommonLoggingProvider.m */ = {isa = PBXFileReference; fileEncoding = 4; lastKnownFileType = sourcecode.c.objc; path = CommonLoggingProvider.m; sourceTree = "<group>"; };
		A0B996891D73901800603831 /* LoggingProvider.h */ = {isa = PBXFileReference; fileEncoding = 4; lastKnownFileType = sourcecode.c.h; path = LoggingProvider.h; sourceTree = "<group>"; };
		A0B9968C1D73901800603831 /* InCodeMappingProvider.h */ = {isa = PBXFileReference; fileEncoding = 4; lastKnownFileType = sourcecode.c.h; path = InCodeMappingProvider.h; sourceTree = "<group>"; };
		A0B9968D1D73901800603831 /* InCodeMappingProvider.m */ = {isa = PBXFileReference; fileEncoding = 4; lastKnownFileType = sourcecode.c.objc; path = InCodeMappingProvider.m; sourceTree = "<group>"; };
		A0B9968E1D73901800603831 /* MappingProvider.h */ = {isa = PBXFileReference; fileEncoding = 4; lastKnownFileType = sourcecode.c.h; path = MappingProvider.h; sourceTree = "<group>"; };
		A0B9968F1D73901800603831 /* ObjectMapper.h */ = {isa = PBXFileReference; fileEncoding = 4; lastKnownFileType = sourcecode.c.h; path = ObjectMapper.h; sourceTree = "<group>"; };
		A0B996901D73901800603831 /* ObjectMapper.m */ = {isa = PBXFileReference; fileEncoding = 4; lastKnownFileType = sourcecode.c.objc; path = ObjectMapper.m; sourceTree = "<group>"; };
		A0B996911D73901800603831 /* ObjectMappingInfo.h */ = {isa = PBXFileReference; fileEncoding = 4; lastKnownFileType = sourcecode.c.h; path = ObjectMappingInfo.h; sourceTree = "<group>"; };
		A0B996921D73901800603831 /* ObjectMappingInfo.m */ = {isa = PBXFileReference; fileEncoding = 4; lastKnownFileType = sourcecode.c.objc; path = ObjectMappingInfo.m; sourceTree = "<group>"; };
		A0B996931D73901800603831 /* OCMapper.h */ = {isa = PBXFileReference; fileEncoding = 4; lastKnownFileType = sourcecode.c.h; path = OCMapper.h; sourceTree = "<group>"; };
		A0B9969D1D7391D000603831 /* Declarations.h */ = {isa = PBXFileReference; fileEncoding = 4; lastKnownFileType = sourcecode.c.h; path = Declarations.h; sourceTree = "<group>"; };
		A0B9969E1D7391D000603831 /* Declarations.m */ = {isa = PBXFileReference; fileEncoding = 4; lastKnownFileType = sourcecode.c.objc; path = Declarations.m; sourceTree = "<group>"; };
		A0B996A01D7391E500603831 /* WebServices.h */ = {isa = PBXFileReference; fileEncoding = 4; lastKnownFileType = sourcecode.c.h; path = WebServices.h; sourceTree = "<group>"; };
		A0B996A11D7391E500603831 /* WebServices.m */ = {isa = PBXFileReference; fileEncoding = 4; lastKnownFileType = sourcecode.c.objc; path = WebServices.m; sourceTree = "<group>"; };
		A0B996A31D7391F600603831 /* Parser.h */ = {isa = PBXFileReference; fileEncoding = 4; lastKnownFileType = sourcecode.c.h; path = Parser.h; sourceTree = "<group>"; };
		A0B996A41D7391F600603831 /* Parser.m */ = {isa = PBXFileReference; fileEncoding = 4; lastKnownFileType = sourcecode.c.objc; path = Parser.m; sourceTree = "<group>"; };
		A0B996A61D73920C00603831 /* OCMapperConfig.h */ = {isa = PBXFileReference; fileEncoding = 4; lastKnownFileType = sourcecode.c.h; path = OCMapperConfig.h; sourceTree = "<group>"; };
		A0B996A71D73920C00603831 /* OCMapperConfig.m */ = {isa = PBXFileReference; fileEncoding = 4; lastKnownFileType = sourcecode.c.objc; path = OCMapperConfig.m; sourceTree = "<group>"; };
		A0B996AA1D73938500603831 /* NSObject+SBJson.h */ = {isa = PBXFileReference; fileEncoding = 4; lastKnownFileType = sourcecode.c.h; path = "NSObject+SBJson.h"; sourceTree = "<group>"; };
		A0B996AB1D73938500603831 /* NSObject+SBJson.m */ = {isa = PBXFileReference; fileEncoding = 4; lastKnownFileType = sourcecode.c.objc; path = "NSObject+SBJson.m"; sourceTree = "<group>"; };
		A0B996AC1D73938500603831 /* SBJson.h */ = {isa = PBXFileReference; fileEncoding = 4; lastKnownFileType = sourcecode.c.h; path = SBJson.h; sourceTree = "<group>"; };
		A0B996AD1D73938500603831 /* SBJsonParser.h */ = {isa = PBXFileReference; fileEncoding = 4; lastKnownFileType = sourcecode.c.h; path = SBJsonParser.h; sourceTree = "<group>"; };
		A0B996AE1D73938500603831 /* SBJsonParser.m */ = {isa = PBXFileReference; fileEncoding = 4; lastKnownFileType = sourcecode.c.objc; path = SBJsonParser.m; sourceTree = "<group>"; };
		A0B996AF1D73938500603831 /* SBJsonStreamParser.h */ = {isa = PBXFileReference; fileEncoding = 4; lastKnownFileType = sourcecode.c.h; path = SBJsonStreamParser.h; sourceTree = "<group>"; };
		A0B996B01D73938500603831 /* SBJsonStreamParser.m */ = {isa = PBXFileReference; fileEncoding = 4; lastKnownFileType = sourcecode.c.objc; path = SBJsonStreamParser.m; sourceTree = "<group>"; };
		A0B996B11D73938500603831 /* SBJsonStreamParserAccumulator.h */ = {isa = PBXFileReference; fileEncoding = 4; lastKnownFileType = sourcecode.c.h; path = SBJsonStreamParserAccumulator.h; sourceTree = "<group>"; };
		A0B996B21D73938500603831 /* SBJsonStreamParserAccumulator.m */ = {isa = PBXFileReference; fileEncoding = 4; lastKnownFileType = sourcecode.c.objc; path = SBJsonStreamParserAccumulator.m; sourceTree = "<group>"; };
		A0B996B31D73938500603831 /* SBJsonStreamParserAdapter.h */ = {isa = PBXFileReference; fileEncoding = 4; lastKnownFileType = sourcecode.c.h; path = SBJsonStreamParserAdapter.h; sourceTree = "<group>"; };
		A0B996B41D73938500603831 /* SBJsonStreamParserAdapter.m */ = {isa = PBXFileReference; fileEncoding = 4; lastKnownFileType = sourcecode.c.objc; path = SBJsonStreamParserAdapter.m; sourceTree = "<group>"; };
		A0B996B51D73938500603831 /* SBJsonStreamParserState.h */ = {isa = PBXFileReference; fileEncoding = 4; lastKnownFileType = sourcecode.c.h; path = SBJsonStreamParserState.h; sourceTree = "<group>"; };
		A0B996B61D73938500603831 /* SBJsonStreamParserState.m */ = {isa = PBXFileReference; fileEncoding = 4; lastKnownFileType = sourcecode.c.objc; path = SBJsonStreamParserState.m; sourceTree = "<group>"; };
		A0B996B71D73938500603831 /* SBJsonStreamWriter.h */ = {isa = PBXFileReference; fileEncoding = 4; lastKnownFileType = sourcecode.c.h; path = SBJsonStreamWriter.h; sourceTree = "<group>"; };
		A0B996B81D73938500603831 /* SBJsonStreamWriter.m */ = {isa = PBXFileReference; fileEncoding = 4; lastKnownFileType = sourcecode.c.objc; path = SBJsonStreamWriter.m; sourceTree = "<group>"; };
		A0B996B91D73938500603831 /* SBJsonStreamWriterAccumulator.h */ = {isa = PBXFileReference; fileEncoding = 4; lastKnownFileType = sourcecode.c.h; path = SBJsonStreamWriterAccumulator.h; sourceTree = "<group>"; };
		A0B996BA1D73938500603831 /* SBJsonStreamWriterAccumulator.m */ = {isa = PBXFileReference; fileEncoding = 4; lastKnownFileType = sourcecode.c.objc; path = SBJsonStreamWriterAccumulator.m; sourceTree = "<group>"; };
		A0B996BB1D73938500603831 /* SBJsonStreamWriterState.h */ = {isa = PBXFileReference; fileEncoding = 4; lastKnownFileType = sourcecode.c.h; path = SBJsonStreamWriterState.h; sourceTree = "<group>"; };
		A0B996BC1D73938500603831 /* SBJsonStreamWriterState.m */ = {isa = PBXFileReference; fileEncoding = 4; lastKnownFileType = sourcecode.c.objc; path = SBJsonStreamWriterState.m; sourceTree = "<group>"; };
		A0B996BD1D73938500603831 /* SBJsonTokeniser.h */ = {isa = PBXFileReference; fileEncoding = 4; lastKnownFileType = sourcecode.c.h; path = SBJsonTokeniser.h; sourceTree = "<group>"; };
		A0B996BE1D73938500603831 /* SBJsonTokeniser.m */ = {isa = PBXFileReference; fileEncoding = 4; lastKnownFileType = sourcecode.c.objc; path = SBJsonTokeniser.m; sourceTree = "<group>"; };
		A0B996BF1D73938500603831 /* SBJsonUTF8Stream.h */ = {isa = PBXFileReference; fileEncoding = 4; lastKnownFileType = sourcecode.c.h; path = SBJsonUTF8Stream.h; sourceTree = "<group>"; };
		A0B996C01D73938500603831 /* SBJsonUTF8Stream.m */ = {isa = PBXFileReference; fileEncoding = 4; lastKnownFileType = sourcecode.c.objc; path = SBJsonUTF8Stream.m; sourceTree = "<group>"; };
		A0B996C11D73938500603831 /* SBJsonWriter.h */ = {isa = PBXFileReference; fileEncoding = 4; lastKnownFileType = sourcecode.c.h; path = SBJsonWriter.h; sourceTree = "<group>"; };
		A0B996C21D73938500603831 /* SBJsonWriter.m */ = {isa = PBXFileReference; fileEncoding = 4; lastKnownFileType = sourcecode.c.objc; path = SBJsonWriter.m; sourceTree = "<group>"; };
		A0B996D01D7399A800603831 /* ObjectResponse.h */ = {isa = PBXFileReference; fileEncoding = 4; lastKnownFileType = sourcecode.c.h; path = ObjectResponse.h; sourceTree = "<group>"; };
		A0B996D11D7399A800603831 /* ObjectResponse.m */ = {isa = PBXFileReference; fileEncoding = 4; lastKnownFileType = sourcecode.c.objc; path = ObjectResponse.m; sourceTree = "<group>"; };
		A0B996D31D7399C500603831 /* Coord.h */ = {isa = PBXFileReference; fileEncoding = 4; lastKnownFileType = sourcecode.c.h; path = Coord.h; sourceTree = "<group>"; };
		A0B996D41D7399C500603831 /* Coord.m */ = {isa = PBXFileReference; fileEncoding = 4; lastKnownFileType = sourcecode.c.objc; path = Coord.m; sourceTree = "<group>"; };
		A0B996D61D739C4800603831 /* MainObject.h */ = {isa = PBXFileReference; fileEncoding = 4; lastKnownFileType = sourcecode.c.h; path = MainObject.h; sourceTree = "<group>"; };
		A0B996D71D739C4800603831 /* MainObject.m */ = {isa = PBXFileReference; fileEncoding = 4; lastKnownFileType = sourcecode.c.objc; path = MainObject.m; sourceTree = "<group>"; };
		A0B996D91D73AA8800603831 /* MapResults.h */ = {isa = PBXFileReference; fileEncoding = 4; lastKnownFileType = sourcecode.c.h; path = MapResults.h; sourceTree = "<group>"; };
		A0B996DA1D73AA8800603831 /* MapResults.m */ = {isa = PBXFileReference; fileEncoding = 4; lastKnownFileType = sourcecode.c.objc; path = MapResults.m; sourceTree = "<group>"; };
		A0B996DC1D73CE0700603831 /* Weather.h */ = {isa = PBXFileReference; fileEncoding = 4; lastKnownFileType = sourcecode.c.h; path = Weather.h; sourceTree = "<group>"; };
		A0B996DD1D73CE0700603831 /* Weather.m */ = {isa = PBXFileReference; fileEncoding = 4; lastKnownFileType = sourcecode.c.objc; path = Weather.m; sourceTree = "<group>"; };
		A0B996E01D73F39A00603831 /* cellPagos.h */ = {isa = PBXFileReference; fileEncoding = 4; lastKnownFileType = sourcecode.c.h; path = cellPagos.h; sourceTree = "<group>"; };
		A0B996E11D73F39A00603831 /* cellPagos.m */ = {isa = PBXFileReference; fileEncoding = 4; lastKnownFileType = sourcecode.c.objc; path = cellPagos.m; sourceTree = "<group>"; };
		A0B996E21D73F39A00603831 /* cellPagos.xib */ = {isa = PBXFileReference; fileEncoding = 4; lastKnownFileType = file.xib; path = cellPagos.xib; sourceTree = "<group>"; };
		A0B996E51D73F50B00603831 /* Compras.h */ = {isa = PBXFileReference; fileEncoding = 4; lastKnownFileType = sourcecode.c.h; path = Compras.h; sourceTree = "<group>"; };
		A0B996E61D73F50B00603831 /* Compras.m */ = {isa = PBXFileReference; fileEncoding = 4; lastKnownFileType = sourcecode.c.objc; path = Compras.m; sourceTree = "<group>"; };
		A0B996E81D73F5CE00603831 /* Pagos.h */ = {isa = PBXFileReference; fileEncoding = 4; lastKnownFileType = sourcecode.c.h; path = Pagos.h; sourceTree = "<group>"; };
		A0B996E91D73F5CE00603831 /* Pagos.m */ = {isa = PBXFileReference; fileEncoding = 4; lastKnownFileType = sourcecode.c.objc; path = Pagos.m; sourceTree = "<group>"; };
		B01806CEDF1DA3C3E4E3F706 /* libPods-Examen.a */ = {isa = PBXFileReference; explicitFileType = archive.ar; includeInIndex = 0; path = "libPods-Examen.a"; sourceTree = BUILT_PRODUCTS_DIR; };
/* End PBXFileReference section */

/* Begin PBXFrameworksBuildPhase section */
		A0B996541D7352A700603831 /* Frameworks */ = {
			isa = PBXFrameworksBuildPhase;
			buildActionMask = 2147483647;
			files = (
				A0B996791D737BB600603831 /* CoreLocation.framework in Frameworks */,
				0E611FE82277DBA7A8A16AD1 /* libPods-Examen.a in Frameworks */,
			);
			runOnlyForDeploymentPostprocessing = 0;
		};
/* End PBXFrameworksBuildPhase section */

/* Begin PBXGroup section */
		00D81B3E9908D69C35160CEF /* Pods */ = {
			isa = PBXGroup;
			children = (
				1F681F13BEC28A8C23C6CDD9 /* Pods-Examen.debug.xcconfig */,
				5416D854E77FE148FD4B3E25 /* Pods-Examen.release.xcconfig */,
			);
			name = Pods;
			sourceTree = "<group>";
		};
		08B320A3000878E3C4435C91 /* Frameworks */ = {
			isa = PBXGroup;
			children = (
				A0B996781D737BB600603831 /* CoreLocation.framework */,
				B01806CEDF1DA3C3E4E3F706 /* libPods-Examen.a */,
			);
			name = Frameworks;
			sourceTree = "<group>";
		};
		A0B9964E1D7352A700603831 = {
			isa = PBXGroup;
			children = (
				A0B996761D7358E300603831 /* Podfile */,
				A0B996591D7352A700603831 /* Examen */,
				A0B996581D7352A700603831 /* Products */,
				00D81B3E9908D69C35160CEF /* Pods */,
				08B320A3000878E3C4435C91 /* Frameworks */,
			);
			sourceTree = "<group>";
		};
		A0B996581D7352A700603831 /* Products */ = {
			isa = PBXGroup;
			children = (
				A0B996571D7352A700603831 /* Examen.app */,
			);
			name = Products;
			sourceTree = "<group>";
		};
		A0B996591D7352A700603831 /* Examen */ = {
			isa = PBXGroup;
			children = (
				A0B996DF1D73F35400603831 /* Cells */,
				A0B9969C1D73902900603831 /* Classes */,
				A0B996CF1D73995000603831 /* Models */,
				A0B996751D7352DA00603831 /* Controller */,
				A0B996741D7352CA00603831 /* Main */,
				A0B996631D7352A700603831 /* Main.storyboard */,
				A0B996691D7352A800603831 /* Assets.xcassets */,
				A0B9966B1D7352A800603831 /* LaunchScreen.storyboard */,
				A0B9966E1D7352A800603831 /* Info.plist */,
				A0B996661D7352A700603831 /* Examen.xcdatamodeld */,
				A0B9965A1D7352A700603831 /* Supporting Files */,
			);
			path = Examen;
			sourceTree = "<group>";
		};
		A0B9965A1D7352A700603831 /* Supporting Files */ = {
			isa = PBXGroup;
			children = (
				A0B9965B1D7352A700603831 /* main.m */,
			);
			name = "Supporting Files";
			sourceTree = "<group>";
		};
		A0B996741D7352CA00603831 /* Main */ = {
			isa = PBXGroup;
			children = (
				A0B9965D1D7352A700603831 /* AppDelegate.h */,
				A0B9965E1D7352A700603831 /* AppDelegate.m */,
				A0B9969D1D7391D000603831 /* Declarations.h */,
				A0B9969E1D7391D000603831 /* Declarations.m */,
				A0B996A01D7391E500603831 /* WebServices.h */,
				A0B996A11D7391E500603831 /* WebServices.m */,
				A0B996A31D7391F600603831 /* Parser.h */,
				A0B996A41D7391F600603831 /* Parser.m */,
				A0B996A61D73920C00603831 /* OCMapperConfig.h */,
				A0B996A71D73920C00603831 /* OCMapperConfig.m */,
				A0B996D61D739C4800603831 /* MainObject.h */,
				A0B996D71D739C4800603831 /* MainObject.m */,
			);
			name = Main;
			sourceTree = "<group>";
		};
		A0B996751D7352DA00603831 /* Controller */ = {
			isa = PBXGroup;
			children = (
				A0B996601D7352A700603831 /* Start.h */,
				A0B996611D7352A700603831 /* Start.m */,
				A0B996D91D73AA8800603831 /* MapResults.h */,
				A0B996DA1D73AA8800603831 /* MapResults.m */,
				A0B996E51D73F50B00603831 /* Compras.h */,
				A0B996E61D73F50B00603831 /* Compras.m */,
				A0B996E81D73F5CE00603831 /* Pagos.h */,
				A0B996E91D73F5CE00603831 /* Pagos.m */,
			);
			name = Controller;
			sourceTree = "<group>";
		};
		A0B9967A1D73901800603831 /* ocmapper */ = {
			isa = PBXGroup;
			children = (
				A0B9967B1D73901800603831 /* Categories */,
				A0B996801D73901800603831 /* Instance Provider */,
				A0B996861D73901800603831 /* Logging Provider */,
				A0B9968A1D73901800603831 /* Mapping Provider */,
				A0B9968F1D73901800603831 /* ObjectMapper.h */,
				A0B996901D73901800603831 /* ObjectMapper.m */,
				A0B996911D73901800603831 /* ObjectMappingInfo.h */,
				A0B996921D73901800603831 /* ObjectMappingInfo.m */,
				A0B996931D73901800603831 /* OCMapper.h */,
			);
			path = ocmapper;
			sourceTree = "<group>";
		};
		A0B9967B1D73901800603831 /* Categories */ = {
			isa = PBXGroup;
			children = (
				A0B9967C1D73901800603831 /* NSDictionary+ObjectMapper.h */,
				A0B9967D1D73901800603831 /* NSDictionary+ObjectMapper.m */,
				A0B9967E1D73901800603831 /* NSObject+ObjectMapper.h */,
				A0B9967F1D73901800603831 /* NSObject+ObjectMapper.m */,
			);
			path = Categories;
			sourceTree = "<group>";
		};
		A0B996801D73901800603831 /* Instance Provider */ = {
			isa = PBXGroup;
			children = (
				A0B996811D73901800603831 /* InstanceProvider.h */,
				A0B996821D73901800603831 /* ManagedObjectInstanceProvider.h */,
				A0B996831D73901800603831 /* ManagedObjectInstanceProvider.m */,
				A0B996841D73901800603831 /* ObjectInstanceProvider.h */,
				A0B996851D73901800603831 /* ObjectInstanceProvider.m */,
			);
			path = "Instance Provider";
			sourceTree = "<group>";
		};
		A0B996861D73901800603831 /* Logging Provider */ = {
			isa = PBXGroup;
			children = (
				A0B996871D73901800603831 /* CommonLoggingProvider.h */,
				A0B996881D73901800603831 /* CommonLoggingProvider.m */,
				A0B996891D73901800603831 /* LoggingProvider.h */,
			);
			path = "Logging Provider";
			sourceTree = "<group>";
		};
		A0B9968A1D73901800603831 /* Mapping Provider */ = {
			isa = PBXGroup;
			children = (
				A0B9968B1D73901800603831 /* In Code Mapping */,
				A0B9968E1D73901800603831 /* MappingProvider.h */,
			);
			path = "Mapping Provider";
			sourceTree = "<group>";
		};
		A0B9968B1D73901800603831 /* In Code Mapping */ = {
			isa = PBXGroup;
			children = (
				A0B9968C1D73901800603831 /* InCodeMappingProvider.h */,
				A0B9968D1D73901800603831 /* InCodeMappingProvider.m */,
			);
			path = "In Code Mapping";
			sourceTree = "<group>";
		};
		A0B9969C1D73902900603831 /* Classes */ = {
			isa = PBXGroup;
			children = (
				A0B996A91D73938500603831 /* json */,
				A0B9967A1D73901800603831 /* ocmapper */,
			);
			name = Classes;
			path = ..;
			sourceTree = "<group>";
		};
		A0B996A91D73938500603831 /* json */ = {
			isa = PBXGroup;
			children = (
				A0B996AA1D73938500603831 /* NSObject+SBJson.h */,
				A0B996AB1D73938500603831 /* NSObject+SBJson.m */,
				A0B996AC1D73938500603831 /* SBJson.h */,
				A0B996AD1D73938500603831 /* SBJsonParser.h */,
				A0B996AE1D73938500603831 /* SBJsonParser.m */,
				A0B996AF1D73938500603831 /* SBJsonStreamParser.h */,
				A0B996B01D73938500603831 /* SBJsonStreamParser.m */,
				A0B996B11D73938500603831 /* SBJsonStreamParserAccumulator.h */,
				A0B996B21D73938500603831 /* SBJsonStreamParserAccumulator.m */,
				A0B996B31D73938500603831 /* SBJsonStreamParserAdapter.h */,
				A0B996B41D73938500603831 /* SBJsonStreamParserAdapter.m */,
				A0B996B51D73938500603831 /* SBJsonStreamParserState.h */,
				A0B996B61D73938500603831 /* SBJsonStreamParserState.m */,
				A0B996B71D73938500603831 /* SBJsonStreamWriter.h */,
				A0B996B81D73938500603831 /* SBJsonStreamWriter.m */,
				A0B996B91D73938500603831 /* SBJsonStreamWriterAccumulator.h */,
				A0B996BA1D73938500603831 /* SBJsonStreamWriterAccumulator.m */,
				A0B996BB1D73938500603831 /* SBJsonStreamWriterState.h */,
				A0B996BC1D73938500603831 /* SBJsonStreamWriterState.m */,
				A0B996BD1D73938500603831 /* SBJsonTokeniser.h */,
				A0B996BE1D73938500603831 /* SBJsonTokeniser.m */,
				A0B996BF1D73938500603831 /* SBJsonUTF8Stream.h */,
				A0B996C01D73938500603831 /* SBJsonUTF8Stream.m */,
				A0B996C11D73938500603831 /* SBJsonWriter.h */,
				A0B996C21D73938500603831 /* SBJsonWriter.m */,
			);
			path = json;
			sourceTree = "<group>";
		};
		A0B996CF1D73995000603831 /* Models */ = {
			isa = PBXGroup;
			children = (
				A0B996D01D7399A800603831 /* ObjectResponse.h */,
				A0B996D11D7399A800603831 /* ObjectResponse.m */,
				A0B996D31D7399C500603831 /* Coord.h */,
				A0B996D41D7399C500603831 /* Coord.m */,
				A0B996DC1D73CE0700603831 /* Weather.h */,
				A0B996DD1D73CE0700603831 /* Weather.m */,
			);
			name = Models;
			path = ..;
			sourceTree = "<group>";
		};
		A0B996DF1D73F35400603831 /* Cells */ = {
			isa = PBXGroup;
			children = (
				A0B996E01D73F39A00603831 /* cellPagos.h */,
				A0B996E11D73F39A00603831 /* cellPagos.m */,
				A0B996E21D73F39A00603831 /* cellPagos.xib */,
			);
			name = Cells;
			sourceTree = "<group>";
		};
/* End PBXGroup section */

/* Begin PBXNativeTarget section */
		A0B996561D7352A700603831 /* Examen */ = {
			isa = PBXNativeTarget;
			buildConfigurationList = A0B996711D7352A800603831 /* Build configuration list for PBXNativeTarget "Examen" */;
			buildPhases = (
				9DEE158E15A2A224725E0443 /* [CP] Check Pods Manifest.lock */,
				A0B996531D7352A700603831 /* Sources */,
				A0B996541D7352A700603831 /* Frameworks */,
				A0B996551D7352A700603831 /* Resources */,
				933B0ECCE83E2E9F2B31D2F9 /* [CP] Embed Pods Frameworks */,
				6CADD0187D133EB598502574 /* [CP] Copy Pods Resources */,
			);
			buildRules = (
			);
			dependencies = (
			);
			name = Examen;
			productName = Examen;
			productReference = A0B996571D7352A700603831 /* Examen.app */;
			productType = "com.apple.product-type.application";
		};
/* End PBXNativeTarget section */

/* Begin PBXProject section */
		A0B9964F1D7352A700603831 /* Project object */ = {
			isa = PBXProject;
			attributes = {
				LastUpgradeCheck = 0730;
				ORGANIZATIONNAME = Luis;
				TargetAttributes = {
					A0B996561D7352A700603831 = {
						CreatedOnToolsVersion = 7.3.1;
						DevelopmentTeam = XC6UW72CJD;
					};
				};
			};
			buildConfigurationList = A0B996521D7352A700603831 /* Build configuration list for PBXProject "Examen" */;
			compatibilityVersion = "Xcode 3.2";
			developmentRegion = English;
			hasScannedForEncodings = 0;
			knownRegions = (
				en,
				Base,
			);
			mainGroup = A0B9964E1D7352A700603831;
			productRefGroup = A0B996581D7352A700603831 /* Products */;
			projectDirPath = "";
			projectRoot = "";
			targets = (
				A0B996561D7352A700603831 /* Examen */,
			);
		};
/* End PBXProject section */

/* Begin PBXResourcesBuildPhase section */
		A0B996551D7352A700603831 /* Resources */ = {
			isa = PBXResourcesBuildPhase;
			buildActionMask = 2147483647;
			files = (
				A0B996E41D73F39A00603831 /* cellPagos.xib in Resources */,
				A0B9966D1D7352A800603831 /* LaunchScreen.storyboard in Resources */,
				A0B9966A1D7352A800603831 /* Assets.xcassets in Resources */,
				A0B996771D7358E300603831 /* Podfile in Resources */,
				A0B996651D7352A700603831 /* Main.storyboard in Resources */,
			);
			runOnlyForDeploymentPostprocessing = 0;
		};
/* End PBXResourcesBuildPhase section */

/* Begin PBXShellScriptBuildPhase section */
		6CADD0187D133EB598502574 /* [CP] Copy Pods Resources */ = {
			isa = PBXShellScriptBuildPhase;
			buildActionMask = 2147483647;
			files = (
			);
			inputPaths = (
			);
			name = "[CP] Copy Pods Resources";
			outputPaths = (
			);
			runOnlyForDeploymentPostprocessing = 0;
			shellPath = /bin/sh;
			shellScript = "\"${SRCROOT}/Pods/Target Support Files/Pods-Examen/Pods-Examen-resources.sh\"\n";
			showEnvVarsInLog = 0;
		};
		933B0ECCE83E2E9F2B31D2F9 /* [CP] Embed Pods Frameworks */ = {
			isa = PBXShellScriptBuildPhase;
			buildActionMask = 2147483647;
			files = (
			);
			inputPaths = (
			);
			name = "[CP] Embed Pods Frameworks";
			outputPaths = (
			);
			runOnlyForDeploymentPostprocessing = 0;
			shellPath = /bin/sh;
			shellScript = "\"${SRCROOT}/Pods/Target Support Files/Pods-Examen/Pods-Examen-frameworks.sh\"\n";
			showEnvVarsInLog = 0;
		};
		9DEE158E15A2A224725E0443 /* [CP] Check Pods Manifest.lock */ = {
			isa = PBXShellScriptBuildPhase;
			buildActionMask = 2147483647;
			files = (
			);
			inputPaths = (
			);
			name = "[CP] Check Pods Manifest.lock";
			outputPaths = (
			);
			runOnlyForDeploymentPostprocessing = 0;
			shellPath = /bin/sh;
			shellScript = "diff \"${PODS_ROOT}/../Podfile.lock\" \"${PODS_ROOT}/Manifest.lock\" > /dev/null\nif [[ $? != 0 ]] ; then\n    cat << EOM\nerror: The sandbox is not in sync with the Podfile.lock. Run 'pod install' or update your CocoaPods installation.\nEOM\n    exit 1\nfi\n";
			showEnvVarsInLog = 0;
		};
/* End PBXShellScriptBuildPhase section */

/* Begin PBXSourcesBuildPhase section */
		A0B996531D7352A700603831 /* Sources */ = {
			isa = PBXSourcesBuildPhase;
			buildActionMask = 2147483647;
			files = (
				A0B996621D7352A700603831 /* Start.m in Sources */,
				A0B9969A1D73901800603831 /* ObjectMapper.m in Sources */,
				A0B996CD1D73938500603831 /* SBJsonUTF8Stream.m in Sources */,
				A0B996E71D73F50B00603831 /* Compras.m in Sources */,
				A0B996CA1D73938500603831 /* SBJsonStreamWriterAccumulator.m in Sources */,
				A0B996A21D7391E500603831 /* WebServices.m in Sources */,
				A0B996991D73901800603831 /* InCodeMappingProvider.m in Sources */,
				A0B996C31D73938500603831 /* NSObject+SBJson.m in Sources */,
				A0B996A51D7391F600603831 /* Parser.m in Sources */,
				A0B996681D7352A800603831 /* Examen.xcdatamodeld in Sources */,
				A0B996971D73901800603831 /* ObjectInstanceProvider.m in Sources */,
				A0B996E31D73F39A00603831 /* cellPagos.m in Sources */,
				A0B996C71D73938500603831 /* SBJsonStreamParserAdapter.m in Sources */,
				A0B9965F1D7352A700603831 /* AppDelegate.m in Sources */,
				A0B996C51D73938500603831 /* SBJsonStreamParser.m in Sources */,
				A0B996C81D73938500603831 /* SBJsonStreamParserState.m in Sources */,
				A0B996C61D73938500603831 /* SBJsonStreamParserAccumulator.m in Sources */,
				A0B996CB1D73938500603831 /* SBJsonStreamWriterState.m in Sources */,
				A0B996EA1D73F5CE00603831 /* Pagos.m in Sources */,
				A0B996CC1D73938500603831 /* SBJsonTokeniser.m in Sources */,
				A0B996A81D73920C00603831 /* OCMapperConfig.m in Sources */,
				A0B996D81D739C4800603831 /* MainObject.m in Sources */,
				A0B996951D73901800603831 /* NSObject+ObjectMapper.m in Sources */,
				A0B9965C1D7352A700603831 /* main.m in Sources */,
				A0B996981D73901800603831 /* CommonLoggingProvider.m in Sources */,
				A0B996D51D7399C500603831 /* Coord.m in Sources */,
				A0B996DB1D73AA8800603831 /* MapResults.m in Sources */,
				A0B996CE1D73938500603831 /* SBJsonWriter.m in Sources */,
				A0B996C91D73938500603831 /* SBJsonStreamWriter.m in Sources */,
				A0B9969F1D7391D000603831 /* Declarations.m in Sources */,
				A0B996DE1D73CE0700603831 /* Weather.m in Sources */,
				A0B9969B1D73901800603831 /* ObjectMappingInfo.m in Sources */,
				A0B996C41D73938500603831 /* SBJsonParser.m in Sources */,
				A0B996941D73901800603831 /* NSDictionary+ObjectMapper.m in Sources */,
				A0B996D21D7399A800603831 /* ObjectResponse.m in Sources */,
				A0B996961D73901800603831 /* ManagedObjectInstanceProvider.m in Sources */,
			);
			runOnlyForDeploymentPostprocessing = 0;
		};
/* End PBXSourcesBuildPhase section */

/* Begin PBXVariantGroup section */
		A0B996631D7352A700603831 /* Main.storyboard */ = {
			isa = PBXVariantGroup;
			children = (
				A0B996641D7352A700603831 /* Base */,
			);
			name = Main.storyboard;
			sourceTree = "<group>";
		};
		A0B9966B1D7352A800603831 /* LaunchScreen.storyboard */ = {
			isa = PBXVariantGroup;
			children = (
				A0B9966C1D7352A800603831 /* Base */,
			);
			name = LaunchScreen.storyboard;
			sourceTree = "<group>";
		};
/* End PBXVariantGroup section */

/* Begin XCBuildConfiguration section */
		A0B9966F1D7352A800603831 /* Debug */ = {
			isa = XCBuildConfiguration;
			buildSettings = {
				ALWAYS_SEARCH_USER_PATHS = NO;
				CLANG_ANALYZER_NONNULL = YES;
				CLANG_CXX_LANGUAGE_STANDARD = "gnu++0x";
				CLANG_CXX_LIBRARY = "libc++";
				CLANG_ENABLE_MODULES = YES;
				CLANG_ENABLE_OBJC_ARC = YES;
				CLANG_WARN_BOOL_CONVERSION = YES;
				CLANG_WARN_CONSTANT_CONVERSION = YES;
				CLANG_WARN_DIRECT_OBJC_ISA_USAGE = YES_ERROR;
				CLANG_WARN_EMPTY_BODY = YES;
				CLANG_WARN_ENUM_CONVERSION = YES;
				CLANG_WARN_INT_CONVERSION = YES;
				CLANG_WARN_OBJC_ROOT_CLASS = YES_ERROR;
				CLANG_WARN_UNREACHABLE_CODE = YES;
				CLANG_WARN__DUPLICATE_METHOD_MATCH = YES;
				"CODE_SIGN_IDENTITY[sdk=iphoneos*]" = "iPhone Developer";
				COPY_PHASE_STRIP = NO;
				DEBUG_INFORMATION_FORMAT = dwarf;
				ENABLE_STRICT_OBJC_MSGSEND = YES;
				ENABLE_TESTABILITY = YES;
				GCC_C_LANGUAGE_STANDARD = gnu99;
				GCC_DYNAMIC_NO_PIC = NO;
				GCC_NO_COMMON_BLOCKS = YES;
				GCC_OPTIMIZATION_LEVEL = 0;
				GCC_PREPROCESSOR_DEFINITIONS = (
					"DEBUG=1",
					"$(inherited)",
				);
				GCC_WARN_64_TO_32_BIT_CONVERSION = YES;
				GCC_WARN_ABOUT_RETURN_TYPE = YES_ERROR;
				GCC_WARN_UNDECLARED_SELECTOR = YES;
				GCC_WARN_UNINITIALIZED_AUTOS = YES_AGGRESSIVE;
				GCC_WARN_UNUSED_FUNCTION = YES;
				GCC_WARN_UNUSED_VARIABLE = YES;
				IPHONEOS_DEPLOYMENT_TARGET = 9.3;
				MTL_ENABLE_DEBUG_INFO = YES;
				ONLY_ACTIVE_ARCH = YES;
				SDKROOT = iphoneos;
			};
			name = Debug;
		};
		A0B996701D7352A800603831 /* Release */ = {
			isa = XCBuildConfiguration;
			buildSettings = {
				ALWAYS_SEARCH_USER_PATHS = NO;
				CLANG_ANALYZER_NONNULL = YES;
				CLANG_CXX_LANGUAGE_STANDARD = "gnu++0x";
				CLANG_CXX_LIBRARY = "libc++";
				CLANG_ENABLE_MODULES = YES;
				CLANG_ENABLE_OBJC_ARC = YES;
				CLANG_WARN_BOOL_CONVERSION = YES;
				CLANG_WARN_CONSTANT_CONVERSION = YES;
				CLANG_WARN_DIRECT_OBJC_ISA_USAGE = YES_ERROR;
				CLANG_WARN_EMPTY_BODY = YES;
				CLANG_WARN_ENUM_CONVERSION = YES;
				CLANG_WARN_INT_CONVERSION = YES;
				CLANG_WARN_OBJC_ROOT_CLASS = YES_ERROR;
				CLANG_WARN_UNREACHABLE_CODE = YES;
				CLANG_WARN__DUPLICATE_METHOD_MATCH = YES;
				"CODE_SIGN_IDENTITY[sdk=iphoneos*]" = "iPhone Developer";
				COPY_PHASE_STRIP = NO;
				DEBUG_INFORMATION_FORMAT = "dwarf-with-dsym";
				ENABLE_NS_ASSERTIONS = NO;
				ENABLE_STRICT_OBJC_MSGSEND = YES;
				GCC_C_LANGUAGE_STANDARD = gnu99;
				GCC_NO_COMMON_BLOCKS = YES;
				GCC_WARN_64_TO_32_BIT_CONVERSION = YES;
				GCC_WARN_ABOUT_RETURN_TYPE = YES_ERROR;
				GCC_WARN_UNDECLARED_SELECTOR = YES;
				GCC_WARN_UNINITIALIZED_AUTOS = YES_AGGRESSIVE;
				GCC_WARN_UNUSED_FUNCTION = YES;
				GCC_WARN_UNUSED_VARIABLE = YES;
				IPHONEOS_DEPLOYMENT_TARGET = 9.3;
				MTL_ENABLE_DEBUG_INFO = NO;
				SDKROOT = iphoneos;
				VALIDATE_PRODUCT = YES;
			};
			name = Release;
		};
		A0B996721D7352A800603831 /* Debug */ = {
			isa = XCBuildConfiguration;
			baseConfigurationReference = 1F681F13BEC28A8C23C6CDD9 /* Pods-Examen.debug.xcconfig */;
			buildSettings = {
				ASSETCATALOG_COMPILER_APPICON_NAME = AppIcon;
				CODE_SIGN_IDENTITY = "iPhone Developer";
				"CODE_SIGN_IDENTITY[sdk=iphoneos*]" = "iPhone Developer";
				INFOPLIST_FILE = Examen/Info.plist;
				LD_RUNPATH_SEARCH_PATHS = "$(inherited) @executable_path/Frameworks";
				PRODUCT_BUNDLE_IDENTIFIER = com.luis.Examen;
				PRODUCT_NAME = "$(TARGET_NAME)";
				PROVISIONING_PROFILE = "";
				TARGETED_DEVICE_FAMILY = 2;
			};
			name = Debug;
		};
		A0B996731D7352A800603831 /* Release */ = {
			isa = XCBuildConfiguration;
			baseConfigurationReference = 5416D854E77FE148FD4B3E25 /* Pods-Examen.release.xcconfig */;
			buildSettings = {
				ASSETCATALOG_COMPILER_APPICON_NAME = AppIcon;
				CODE_SIGN_IDENTITY = "iPhone Developer";
				"CODE_SIGN_IDENTITY[sdk=iphoneos*]" = "iPhone Developer";
				INFOPLIST_FILE = Examen/Info.plist;
				LD_RUNPATH_SEARCH_PATHS = "$(inherited) @executable_path/Frameworks";
				PRODUCT_BUNDLE_IDENTIFIER = com.luis.Examen;
				PRODUCT_NAME = "$(TARGET_NAME)";
				PROVISIONING_PROFILE = "";
				TARGETED_DEVICE_FAMILY = 2;
			};
			name = Release;
		};
/* End XCBuildConfiguration section */

/* Begin XCConfigurationList section */
		A0B996521D7352A700603831 /* Build configuration list for PBXProject "Examen" */ = {
			isa = XCConfigurationList;
			buildConfigurations = (
				A0B9966F1D7352A800603831 /* Debug */,
				A0B996701D7352A800603831 /* Release */,
			);
			defaultConfigurationIsVisible = 0;
			defaultConfigurationName = Release;
		};
		A0B996711D7352A800603831 /* Build configuration list for PBXNativeTarget "Examen" */ = {
			isa = XCConfigurationList;
			buildConfigurations = (
				A0B996721D7352A800603831 /* Debug */,
				A0B996731D7352A800603831 /* Release */,
			);
			defaultConfigurationIsVisible = 0;
			defaultConfigurationName = Release;
		};
/* End XCConfigurationList section */

/* Begin XCVersionGroup section */
		A0B996661D7352A700603831 /* Examen.xcdatamodeld */ = {
			isa = XCVersionGroup;
			children = (
				A0B996671D7352A700603831 /* Examen.xcdatamodel */,
			);
			currentVersion = A0B996671D7352A700603831 /* Examen.xcdatamodel */;
			path = Examen.xcdatamodeld;
			sourceTree = "<group>";
			versionGroupType = wrapper.xcdatamodel;
		};
/* End XCVersionGroup section */
	};
	rootObject = A0B9964F1D7352A700603831 /* Project object */;
}
